Microsoft Visual Studio Solution File, Format Version 11.00
# Visual Studio 2008

Project("{7077C2B8-A6A3-A117-5D64-E3EA3E460493}") = "Celestial-Frontier-Development", "Assembly-CSharp.csproj", "{8C809917-B893-4E77-B6D3-441FD8309466}"
EndProject
Global
	GlobalSection(SolutionConfigurationPlatforms) = preSolution
		Debug|Any CPU = Debug|Any CPU
		Release|Any CPU = Release|Any CPU
	EndGlobalSection
	GlobalSection(ProjectConfigurationPlatforms) = postSolution
		{8C809917-B893-4E77-B6D3-441FD8309466}.Debug|Any CPU.ActiveCfg = Debug|Any CPU
		{8C809917-B893-4E77-B6D3-441FD8309466}.Debug|Any CPU.Build.0 = Debug|Any CPU
		{8C809917-B893-4E77-B6D3-441FD8309466}.Release|Any CPU.ActiveCfg = Release|Any CPU
		{8C809917-B893-4E77-B6D3-441FD8309466}.Release|Any CPU.Build.0 = Release|Any CPU
	EndGlobalSection
	GlobalSection(SolutionProperties) = preSolution
		HideSolutionNode = FALSE
	EndGlobalSection
	GlobalSection(MonoDevelopProperties) = preSolution
		StartupItem = Assembly-CSharp.csproj
	EndGlobalSection
EndGlobal
